
Microsoft Visual Studio Solution File, Format Version 12.00
# Visual Studio Version 16
VisualStudioVersion = 16.0.29001.49
MinimumVisualStudioVersion = 10.0.40219.1
Project("{FAE04EC0-301F-11D3-BF4B-00C04F79EFBC}") = "Oils", "Oils\Oils.csproj", "{AED09B7B-7491-4D62-AE15-1F8C322A7238}"
EndProject
Global
	GlobalSection(SolutionConfigurationPlatforms) = preSolution
		Debug|Any CPU = Debug|Any CPU
		Release|Any CPU = Release|Any CPU
	EndGlobalSection
	GlobalSection(ProjectConfigurationPlatforms) = postSolution
		{AED09B7B-7491-4D62-AE15-1F8C322A7238}.Debug|Any CPU.ActiveCfg = Debug|Any CPU
		{AED09B7B-7491-4D62-AE15-1F8C322A7238}.Debug|Any CPU.Build.0 = Debug|Any CPU
		{AED09B7B-7491-4D62-AE15-1F8C322A7238}.Release|Any CPU.ActiveCfg = Release|Any CPU
		{AED09B7B-7491-4D62-AE15-1F8C322A7238}.Release|Any CPU.Build.0 = Release|Any CPU
	EndGlobalSection
	GlobalSection(SolutionProperties) = preSolution
		HideSolutionNode = FALSE
	EndGlobalSection
	GlobalSection(ExtensibilityGlobals) = postSolution
		SolutionGuid = {5477065B-236A-4237-9EDD-427B88C7A435}
	EndGlobalSection
EndGlobal
